
Microsoft Visual Studio Solution File, Format Version 12.00
# Visual Studio Version 17
VisualStudioVersion = 17.0.31903.59
MinimumVisualStudioVersion = 10.0.40219.1
Project("{FAE04EC0-301F-11D3-BF4B-00C04F79EFBC}") = "API", "API\API.csproj", "{FA7FFC17-F38A-4205-8E73-FC781D5094BE}"
EndProject
Project("{FAE04EC0-301F-11D3-BF4B-00C04F79EFBC}") = "Application", "Application\Application.csproj", "{24537C9F-5BC4-4AAF-97B3-B4FF00F9BE62}"
EndProject
Project("{FAE04EC0-301F-11D3-BF4B-00C04F79EFBC}") = "Domain", "Domain\Domain.csproj", "{76FCB24E-F21F-4B95-9732-6EBF3C8A604E}"
EndProject
Project("{FAE04EC0-301F-11D3-BF4B-00C04F79EFBC}") = "Persistence", "Persistence\Persistence.csproj", "{84EB3B0C-9FF4-47A1-A14E-9843E23A51B6}"
EndProject
Global
	GlobalSection(SolutionConfigurationPlatforms) = preSolution
		Debug|Any CPU = Debug|Any CPU
		Release|Any CPU = Release|Any CPU
	EndGlobalSection
	GlobalSection(SolutionProperties) = preSolution
		HideSolutionNode = FALSE
	EndGlobalSection
	GlobalSection(ProjectConfigurationPlatforms) = postSolution
		{FA7FFC17-F38A-4205-8E73-FC781D5094BE}.Debug|Any CPU.ActiveCfg = Debug|Any CPU
		{FA7FFC17-F38A-4205-8E73-FC781D5094BE}.Debug|Any CPU.Build.0 = Debug|Any CPU
		{FA7FFC17-F38A-4205-8E73-FC781D5094BE}.Release|Any CPU.ActiveCfg = Release|Any CPU
		{FA7FFC17-F38A-4205-8E73-FC781D5094BE}.Release|Any CPU.Build.0 = Release|Any CPU
		{24537C9F-5BC4-4AAF-97B3-B4FF00F9BE62}.Debug|Any CPU.ActiveCfg = Debug|Any CPU
		{24537C9F-5BC4-4AAF-97B3-B4FF00F9BE62}.Debug|Any CPU.Build.0 = Debug|Any CPU
		{24537C9F-5BC4-4AAF-97B3-B4FF00F9BE62}.Release|Any CPU.ActiveCfg = Release|Any CPU
		{24537C9F-5BC4-4AAF-97B3-B4FF00F9BE62}.Release|Any CPU.Build.0 = Release|Any CPU
		{76FCB24E-F21F-4B95-9732-6EBF3C8A604E}.Debug|Any CPU.ActiveCfg = Debug|Any CPU
		{76FCB24E-F21F-4B95-9732-6EBF3C8A604E}.Debug|Any CPU.Build.0 = Debug|Any CPU
		{76FCB24E-F21F-4B95-9732-6EBF3C8A604E}.Release|Any CPU.ActiveCfg = Release|Any CPU
		{76FCB24E-F21F-4B95-9732-6EBF3C8A604E}.Release|Any CPU.Build.0 = Release|Any CPU
		{84EB3B0C-9FF4-47A1-A14E-9843E23A51B6}.Debug|Any CPU.ActiveCfg = Debug|Any CPU
		{84EB3B0C-9FF4-47A1-A14E-9843E23A51B6}.Debug|Any CPU.Build.0 = Debug|Any CPU
		{84EB3B0C-9FF4-47A1-A14E-9843E23A51B6}.Release|Any CPU.ActiveCfg = Release|Any CPU
		{84EB3B0C-9FF4-47A1-A14E-9843E23A51B6}.Release|Any CPU.Build.0 = Release|Any CPU
	EndGlobalSection
EndGlobal
